Microsoft Visual Studio Solution File, Format Version 12.00
# Visual Studio Version 17
VisualStudioVersion = 17.5.2.0
MinimumVisualStudioVersion = 10.0.40219.1
Project("{FAE04EC0-301F-11D3-BF4B-00C04F79EFBC}") = "IWS.OperationsApi", "IWS.OperationsApi.csproj", "{F2B023B8-22B0-139F-5728-EA24B4811F7B}"
EndProject
Global
	GlobalSection(SolutionConfigurationPlatforms) = preSolution
		Debug|Any CPU = Debug|Any CPU
		Release|Any CPU = Release|Any CPU
	EndGlobalSection
	GlobalSection(ProjectConfigurationPlatforms) = postSolution
		{F2B023B8-22B0-139F-5728-EA24B4811F7B}.Debug|Any CPU.ActiveCfg = Debug|Any CPU
		{F2B023B8-22B0-139F-5728-EA24B4811F7B}.Debug|Any CPU.Build.0 = Debug|Any CPU
		{F2B023B8-22B0-139F-5728-EA24B4811F7B}.Release|Any CPU.ActiveCfg = Release|Any CPU
		{F2B023B8-22B0-139F-5728-EA24B4811F7B}.Release|Any CPU.Build.0 = Release|Any CPU
	EndGlobalSection
	GlobalSection(SolutionProperties) = preSolution
		HideSolutionNode = FALSE
	EndGlobalSection
	GlobalSection(ExtensibilityGlobals) = postSolution
		SolutionGuid = {88E6B213-CD95-4B5F-B876-6F9AB71F60A5}
	EndGlobalSection
EndGlobal
